// !$*UTF8*$!
{
	archiveVersion = 1;
	classes = {
	};
	objectVersion = 55;
	objects = {

/* Begin PBXBuildFile section */
		08529BED8E0C7C7659977745 /* Pods_CocktailDeliveryApp.framework in Frameworks */ = {isa = PBXBuildFile; fileRef = 58EE734540C4101EB42AC5B7 /* Pods_CocktailDeliveryApp.framework */; };
		84DC946E28F869D200281FA5 /* AppDelegate.swift in Sources */ = {isa = PBXBuildFile; fileRef = 84DC946D28F869D200281FA5 /* AppDelegate.swift */; };
		84DC947028F869D200281FA5 /* SceneDelegate.swift in Sources */ = {isa = PBXBuildFile; fileRef = 84DC946F28F869D200281FA5 /* SceneDelegate.swift */; };
		84DC947228F869D200281FA5 /* ViewController.swift in Sources */ = {isa = PBXBuildFile; fileRef = 84DC947128F869D200281FA5 /* ViewController.swift */; };
		84DC947528F869D200281FA5 /* Main.storyboard in Resources */ = {isa = PBXBuildFile; fileRef = 84DC947328F869D200281FA5 /* Main.storyboard */; };
		84DC947728F869D600281FA5 /* Assets.xcassets in Resources */ = {isa = PBXBuildFile; fileRef = 84DC947628F869D600281FA5 /* Assets.xcassets */; };
		84DC947A28F869D600281FA5 /* LaunchScreen.storyboard in Resources */ = {isa = PBXBuildFile; fileRef = 84DC947828F869D600281FA5 /* LaunchScreen.storyboard */; };
		84DC948428F86E1400281FA5 /* NetworkManager.swift in Sources */ = {isa = PBXBuildFile; fileRef = 84DC948328F86E1400281FA5 /* NetworkManager.swift */; };
		84DC948628F86E1F00281FA5 /* Endpoint.swift in Sources */ = {isa = PBXBuildFile; fileRef = 84DC948528F86E1F00281FA5 /* Endpoint.swift */; };
		84DC948828F86E2F00281FA5 /* ResponseModel.swift in Sources */ = {isa = PBXBuildFile; fileRef = 84DC948728F86E2F00281FA5 /* ResponseModel.swift */; };
		84DC948D28F9632C00281FA5 /* BarModel.swift in Sources */ = {isa = PBXBuildFile; fileRef = 84DC948C28F9632C00281FA5 /* BarModel.swift */; };
		84DC948F28F97F3100281FA5 /* Presenter.swift in Sources */ = {isa = PBXBuildFile; fileRef = 84DC948E28F97F3100281FA5 /* Presenter.swift */; };
		84DC949128F981AA00281FA5 /* MenuViewController.swift in Sources */ = {isa = PBXBuildFile; fileRef = 84DC949028F981AA00281FA5 /* MenuViewController.swift */; };
		84DC949328F99C4000281FA5 /* BannerCollectionViewCell.swift in Sources */ = {isa = PBXBuildFile; fileRef = 84DC949228F99C4000281FA5 /* BannerCollectionViewCell.swift */; };
		84DC949528F99C4D00281FA5 /* CategoryCollectionViewCell.swift in Sources */ = {isa = PBXBuildFile; fileRef = 84DC949428F99C4D00281FA5 /* CategoryCollectionViewCell.swift */; };
		84DC949728F99C5700281FA5 /* MenuCollectionViewCell.swift in Sources */ = {isa = PBXBuildFile; fileRef = 84DC949628F99C5700281FA5 /* MenuCollectionViewCell.swift */; };
		84DC949928FAA3BE00281FA5 /* CategoryCollectionReusableView.swift in Sources */ = {isa = PBXBuildFile; fileRef = 84DC949828FAA3BE00281FA5 /* CategoryCollectionReusableView.swift */; };
		84DC949E28FD84CF00281FA5 /* Colors.swift in Sources */ = {isa = PBXBuildFile; fileRef = 84DC949D28FD84CE00281FA5 /* Colors.swift */; };
		84DC94A128FDD38200281FA5 /* UICollectionViewWithComletion.swift in Sources */ = {isa = PBXBuildFile; fileRef = 84DC94A028FDD38100281FA5 /* UICollectionViewWithComletion.swift */; };
		84DC94A328FE916F00281FA5 /* PriceUIView.swift in Sources */ = {isa = PBXBuildFile; fileRef = 84DC94A228FE916F00281FA5 /* PriceUIView.swift */; };
/* End PBXBuildFile section */

/* Begin PBXFileReference section */
		1B70F53840ED0D81B4BF7AF7 /* Pods-CocktailDeliveryApp.release.xcconfig */ = {isa = PBXFileReference; includeInIndex = 1; lastKnownFileType = text.xcconfig; name = "Pods-CocktailDeliveryApp.release.xcconfig"; path = "Target Support Files/Pods-CocktailDeliveryApp/Pods-CocktailDeliveryApp.release.xcconfig"; sourceTree = "<group>"; };
		319403FB171DE1DDA4191BB4 /* Pods-CocktailDeliveryApp.debug.xcconfig */ = {isa = PBXFileReference; includeInIndex = 1; lastKnownFileType = text.xcconfig; name = "Pods-CocktailDeliveryApp.debug.xcconfig"; path = "Target Support Files/Pods-CocktailDeliveryApp/Pods-CocktailDeliveryApp.debug.xcconfig"; sourceTree = "<group>"; };
		58EE734540C4101EB42AC5B7 /* Pods_CocktailDeliveryApp.framework */ = {isa = PBXFileReference; explicitFileType = wrapper.framework; includeInIndex = 0; path = Pods_CocktailDeliveryApp.framework; sourceTree = BUILT_PRODUCTS_DIR; };
		84DC946A28F869D100281FA5 /* CocktailDeliveryApp.app */ = {isa = PBXFileReference; explicitFileType = wrapper.application; includeInIndex = 0; path = CocktailDeliveryApp.app; sourceTree = BUILT_PRODUCTS_DIR; };
		84DC946D28F869D200281FA5 /* AppDelegate.swift */ = {isa = PBXFileReference; lastKnownFileType = sourcecode.swift; path = AppDelegate.swift; sourceTree = "<group>"; };
		84DC946F28F869D200281FA5 /* SceneDelegate.swift */ = {isa = PBXFileReference; lastKnownFileType = sourcecode.swift; path = SceneDelegate.swift; sourceTree = "<group>"; };
		84DC947128F869D200281FA5 /* ViewController.swift */ = {isa = PBXFileReference; lastKnownFileType = sourcecode.swift; path = ViewController.swift; sourceTree = "<group>"; };
		84DC947428F869D200281FA5 /* Base */ = {isa = PBXFileReference; lastKnownFileType = file.storyboard; name = Base; path = Base.lproj/Main.storyboard; sourceTree = "<group>"; };
		84DC947628F869D600281FA5 /* Assets.xcassets */ = {isa = PBXFileReference; lastKnownFileType = folder.assetcatalog; path = Assets.xcassets; sourceTree = "<group>"; };
		84DC947928F869D600281FA5 /* Base */ = {isa = PBXFileReference; lastKnownFileType = file.storyboard; name = Base; path = Base.lproj/LaunchScreen.storyboard; sourceTree = "<group>"; };
		84DC947B28F869D600281FA5 /* Info.plist */ = {isa = PBXFileReference; lastKnownFileType = text.plist.xml; path = Info.plist; sourceTree = "<group>"; };
		84DC948328F86E1400281FA5 /* NetworkManager.swift */ = {isa = PBXFileReference; lastKnownFileType = sourcecode.swift; path = NetworkManager.swift; sourceTree = "<group>"; };
		84DC948528F86E1F00281FA5 /* Endpoint.swift */ = {isa = PBXFileReference; lastKnownFileType = sourcecode.swift; path = Endpoint.swift; sourceTree = "<group>"; };
		84DC948728F86E2F00281FA5 /* ResponseModel.swift */ = {isa = PBXFileReference; lastKnownFileType = sourcecode.swift; path = ResponseModel.swift; sourceTree = "<group>"; };
		84DC948C28F9632C00281FA5 /* BarModel.swift */ = {isa = PBXFileReference; lastKnownFileType = sourcecode.swift; path = BarModel.swift; sourceTree = "<group>"; };
		84DC948E28F97F3100281FA5 /* Presenter.swift */ = {isa = PBXFileReference; lastKnownFileType = sourcecode.swift; path = Presenter.swift; sourceTree = "<group>"; };
		84DC949028F981AA00281FA5 /* MenuViewController.swift */ = {isa = PBXFileReference; lastKnownFileType = sourcecode.swift; path = MenuViewController.swift; sourceTree = "<group>"; };
		84DC949228F99C4000281FA5 /* BannerCollectionViewCell.swift */ = {isa = PBXFileReference; lastKnownFileType = sourcecode.swift; path = BannerCollectionViewCell.swift; sourceTree = "<group>"; };
		84DC949428F99C4D00281FA5 /* CategoryCollectionViewCell.swift */ = {isa = PBXFileReference; lastKnownFileType = sourcecode.swift; path = CategoryCollectionViewCell.swift; sourceTree = "<group>"; };
		84DC949628F99C5700281FA5 /* MenuCollectionViewCell.swift */ = {isa = PBXFileReference; lastKnownFileType = sourcecode.swift; path = MenuCollectionViewCell.swift; sourceTree = "<group>"; };
		84DC949828FAA3BE00281FA5 /* CategoryCollectionReusableView.swift */ = {isa = PBXFileReference; lastKnownFileType = sourcecode.swift; path = CategoryCollectionReusableView.swift; sourceTree = "<group>"; };
		84DC949D28FD84CE00281FA5 /* Colors.swift */ = {isa = PBXFileReference; lastKnownFileType = sourcecode.swift; path = Colors.swift; sourceTree = "<group>"; };
		84DC94A028FDD38100281FA5 /* UICollectionViewWithComletion.swift */ = {isa = PBXFileReference; lastKnownFileType = sourcecode.swift; path = UICollectionViewWithComletion.swift; sourceTree = "<group>"; };
		84DC94A228FE916F00281FA5 /* PriceUIView.swift */ = {isa = PBXFileReference; lastKnownFileType = sourcecode.swift; path = PriceUIView.swift; sourceTree = "<group>"; };
/* End PBXFileReference section */

/* Begin PBXFrameworksBuildPhase section */
		84DC946728F869D100281FA5 /* Frameworks */ = {
			isa = PBXFrameworksBuildPhase;
			buildActionMask = 2147483647;
			files = (
				08529BED8E0C7C7659977745 /* Pods_CocktailDeliveryApp.framework in Frameworks */,
			);
			runOnlyForDeploymentPostprocessing = 0;
		};
/* End PBXFrameworksBuildPhase section */

/* Begin PBXGroup section */
		1C5D4AE32817D35814C5A502 /* Frameworks */ = {
			isa = PBXGroup;
			children = (
				58EE734540C4101EB42AC5B7 /* Pods_CocktailDeliveryApp.framework */,
			);
			name = Frameworks;
			sourceTree = "<group>";
		};
		2D5F402114994A5672DC67AA /* Pods */ = {
			isa = PBXGroup;
			children = (
				319403FB171DE1DDA4191BB4 /* Pods-CocktailDeliveryApp.debug.xcconfig */,
				1B70F53840ED0D81B4BF7AF7 /* Pods-CocktailDeliveryApp.release.xcconfig */,
			);
			path = Pods;
			sourceTree = "<group>";
		};
		84DC946128F869D100281FA5 = {
			isa = PBXGroup;
			children = (
				84DC946C28F869D100281FA5 /* CocktailDeliveryApp */,
				84DC946B28F869D100281FA5 /* Products */,
				2D5F402114994A5672DC67AA /* Pods */,
				1C5D4AE32817D35814C5A502 /* Frameworks */,
			);
			sourceTree = "<group>";
		};
		84DC946B28F869D100281FA5 /* Products */ = {
			isa = PBXGroup;
			children = (
				84DC946A28F869D100281FA5 /* CocktailDeliveryApp.app */,
			);
			name = Products;
			sourceTree = "<group>";
		};
		84DC946C28F869D100281FA5 /* CocktailDeliveryApp */ = {
			isa = PBXGroup;
			children = (
				84DC949F28FDD35000281FA5 /* UICollectionViewWithComlition */,
				84DC949C28FD84BF00281FA5 /* Colors */,
				84DC948B28F962B300281FA5 /* Presenters */,
				84DC948A28F962AA00281FA5 /* Views */,
				84DC948928F962A100281FA5 /* Models */,
				84DC948228F86E0100281FA5 /* DataSource */,
				84DC946D28F869D200281FA5 /* AppDelegate.swift */,
				84DC946F28F869D200281FA5 /* SceneDelegate.swift */,
				84DC947128F869D200281FA5 /* ViewController.swift */,
				84DC947328F869D200281FA5 /* Main.storyboard */,
				84DC947628F869D600281FA5 /* Assets.xcassets */,
				84DC947828F869D600281FA5 /* LaunchScreen.storyboard */,
				84DC947B28F869D600281FA5 /* Info.plist */,
			);
			path = CocktailDeliveryApp;
			sourceTree = "<group>";
		};
		84DC948228F86E0100281FA5 /* DataSource */ = {
			isa = PBXGroup;
			children = (
				84DC948328F86E1400281FA5 /* NetworkManager.swift */,
				84DC948528F86E1F00281FA5 /* Endpoint.swift */,
				84DC948728F86E2F00281FA5 /* ResponseModel.swift */,
			);
			path = DataSource;
			sourceTree = "<group>";
		};
		84DC948928F962A100281FA5 /* Models */ = {
			isa = PBXGroup;
			children = (
				84DC948C28F9632C00281FA5 /* BarModel.swift */,
			);
			path = Models;
			sourceTree = "<group>";
		};
		84DC948A28F962AA00281FA5 /* Views */ = {
			isa = PBXGroup;
			children = (
				84DC949028F981AA00281FA5 /* MenuViewController.swift */,
				84DC949228F99C4000281FA5 /* BannerCollectionViewCell.swift */,
				84DC949428F99C4D00281FA5 /* CategoryCollectionViewCell.swift */,
				84DC949628F99C5700281FA5 /* MenuCollectionViewCell.swift */,
				84DC949828FAA3BE00281FA5 /* CategoryCollectionReusableView.swift */,
				84DC94A228FE916F00281FA5 /* PriceUIView.swift */,
			);
			path = Views;
			sourceTree = "<group>";
		};
		84DC948B28F962B300281FA5 /* Presenters */ = {
			isa = PBXGroup;
			children = (
				84DC948E28F97F3100281FA5 /* Presenter.swift */,
			);
			path = Presenters;
			sourceTree = "<group>";
		};
		84DC949C28FD84BF00281FA5 /* Colors */ = {
			isa = PBXGroup;
			children = (
				84DC949D28FD84CE00281FA5 /* Colors.swift */,
			);
			path = Colors;
			sourceTree = "<group>";
		};
		84DC949F28FDD35000281FA5 /* UICollectionViewWithComlition */ = {
			isa = PBXGroup;
			children = (
				84DC94A028FDD38100281FA5 /* UICollectionViewWithComletion.swift */,
			);
			path = UICollectionViewWithComlition;
			sourceTree = "<group>";
		};
/* End PBXGroup section */

/* Begin PBXNativeTarget section */
		84DC946928F869D100281FA5 /* CocktailDeliveryApp */ = {
			isa = PBXNativeTarget;
			buildConfigurationList = 84DC947E28F869D600281FA5 /* Build configuration list for PBXNativeTarget "CocktailDeliveryApp" */;
			buildPhases = (
				8DA80FE075404D653E2ACD23 /* [CP] Check Pods Manifest.lock */,
				84DC946628F869D100281FA5 /* Sources */,
				84DC946728F869D100281FA5 /* Frameworks */,
				84DC946828F869D100281FA5 /* Resources */,
				B1BB791A4EE14DC06BFB7EDD /* [CP] Embed Pods Frameworks */,
				84DC948128F86BB400281FA5 /* Run Script */,
			);
			buildRules = (
			);
			dependencies = (
			);
			name = CocktailDeliveryApp;
			productName = CocktailDeliveryApp;
			productReference = 84DC946A28F869D100281FA5 /* CocktailDeliveryApp.app */;
			productType = "com.apple.product-type.application";
		};
/* End PBXNativeTarget section */

/* Begin PBXProject section */
		84DC946228F869D100281FA5 /* Project object */ = {
			isa = PBXProject;
			attributes = {
				BuildIndependentTargetsInParallel = 1;
				LastSwiftUpdateCheck = 1310;
				LastUpgradeCheck = 1310;
				TargetAttributes = {
					84DC946928F869D100281FA5 = {
						CreatedOnToolsVersion = 13.1;
					};
				};
			};
			buildConfigurationList = 84DC946528F869D100281FA5 /* Build configuration list for PBXProject "CocktailDeliveryApp" */;
			compatibilityVersion = "Xcode 13.0";
			developmentRegion = en;
			hasScannedForEncodings = 0;
			knownRegions = (
				en,
				Base,
			);
			mainGroup = 84DC946128F869D100281FA5;
			productRefGroup = 84DC946B28F869D100281FA5 /* Products */;
			projectDirPath = "";
			projectRoot = "";
			targets = (
				84DC946928F869D100281FA5 /* CocktailDeliveryApp */,
			);
		};
/* End PBXProject section */

/* Begin PBXResourcesBuildPhase section */
		84DC946828F869D100281FA5 /* Resources */ = {
			isa = PBXResourcesBuildPhase;
			buildActionMask = 2147483647;
			files = (
				84DC947A28F869D600281FA5 /* LaunchScreen.storyboard in Resources */,
				84DC947728F869D600281FA5 /* Assets.xcassets in Resources */,
				84DC947528F869D200281FA5 /* Main.storyboard in Resources */,
			);
			runOnlyForDeploymentPostprocessing = 0;
		};
/* End PBXResourcesBuildPhase section */

/* Begin PBXShellScriptBuildPhase section */
		84DC948128F86BB400281FA5 /* Run Script */ = {
			isa = PBXShellScriptBuildPhase;
			buildActionMask = 2147483647;
			files = (
			);
			inputFileListPaths = (
			);
			inputPaths = (
			);
			name = "Run Script";
			outputFileListPaths = (
			);
			outputPaths = (
			);
			runOnlyForDeploymentPostprocessing = 0;
			shellPath = /bin/sh;
			shellScript = "\"${PODS_ROOT}/SwiftLint/swiftlint\" autocorrect && \"${PODS_ROOT}/SwiftLint/swiftlint\"\n";
		};
		8DA80FE075404D653E2ACD23 /* [CP] Check Pods Manifest.lock */ = {
			isa = PBXShellScriptBuildPhase;
			buildActionMask = 2147483647;
			files = (
			);
			inputFileListPaths = (
			);
			inputPaths = (
				"${PODS_PODFILE_DIR_PATH}/Podfile.lock",
				"${PODS_ROOT}/Manifest.lock",
			);
			name = "[CP] Check Pods Manifest.lock";
			outputFileListPaths = (
			);
			outputPaths = (
				"$(DERIVED_FILE_DIR)/Pods-CocktailDeliveryApp-checkManifestLockResult.txt",
			);
			runOnlyForDeploymentPostprocessing = 0;
			shellPath = /bin/sh;
			shellScript = "diff \"${PODS_PODFILE_DIR_PATH}/Podfile.lock\" \"${PODS_ROOT}/Manifest.lock\" > /dev/null\nif [ $? != 0 ] ; then\n    # print error to STDERR\n    echo \"error: The sandbox is not in sync with the Podfile.lock. Run 'pod install' or update your CocoaPods installation.\" >&2\n    exit 1\nfi\n# This output is used by Xcode 'outputs' to avoid re-running this script phase.\necho \"SUCCESS\" > \"${SCRIPT_OUTPUT_FILE_0}\"\n";
			showEnvVarsInLog = 0;
		};
		B1BB791A4EE14DC06BFB7EDD /* [CP] Embed Pods Frameworks */ = {
			isa = PBXShellScriptBuildPhase;
			buildActionMask = 2147483647;
			files = (
			);
			inputFileListPaths = (
				"${PODS_ROOT}/Target Support Files/Pods-CocktailDeliveryApp/Pods-CocktailDeliveryApp-frameworks-${CONFIGURATION}-input-files.xcfilelist",
			);
			name = "[CP] Embed Pods Frameworks";
			outputFileListPaths = (
				"${PODS_ROOT}/Target Support Files/Pods-CocktailDeliveryApp/Pods-CocktailDeliveryApp-frameworks-${CONFIGURATION}-output-files.xcfilelist",
			);
			runOnlyForDeploymentPostprocessing = 0;
			shellPath = /bin/sh;
			shellScript = "\"${PODS_ROOT}/Target Support Files/Pods-CocktailDeliveryApp/Pods-CocktailDeliveryApp-frameworks.sh\"\n";
			showEnvVarsInLog = 0;
		};
/* End PBXShellScriptBuildPhase section */

/* Begin PBXSourcesBuildPhase section */
		84DC946628F869D100281FA5 /* Sources */ = {
			isa = PBXSourcesBuildPhase;
			buildActionMask = 2147483647;
			files = (
				84DC948428F86E1400281FA5 /* NetworkManager.swift in Sources */,
				84DC947228F869D200281FA5 /* ViewController.swift in Sources */,
				84DC948F28F97F3100281FA5 /* Presenter.swift in Sources */,
				84DC949928FAA3BE00281FA5 /* CategoryCollectionReusableView.swift in Sources */,
				84DC946E28F869D200281FA5 /* AppDelegate.swift in Sources */,
				84DC949128F981AA00281FA5 /* MenuViewController.swift in Sources */,
				84DC948D28F9632C00281FA5 /* BarModel.swift in Sources */,
				84DC94A128FDD38200281FA5 /* UICollectionViewWithComletion.swift in Sources */,
				84DC947028F869D200281FA5 /* SceneDelegate.swift in Sources */,
				84DC948828F86E2F00281FA5 /* ResponseModel.swift in Sources */,
				84DC949E28FD84CF00281FA5 /* Colors.swift in Sources */,
				84DC949528F99C4D00281FA5 /* CategoryCollectionViewCell.swift in Sources */,
				84DC949328F99C4000281FA5 /* BannerCollectionViewCell.swift in Sources */,
				84DC948628F86E1F00281FA5 /* Endpoint.swift in Sources */,
				84DC94A328FE916F00281FA5 /* PriceUIView.swift in Sources */,
				84DC949728F99C5700281FA5 /* MenuCollectionViewCell.swift in Sources */,
			);
			runOnlyForDeploymentPostprocessing = 0;
		};
/* End PBXSourcesBuildPhase section */

/* Begin PBXVariantGroup section */
		84DC947328F869D200281FA5 /* Main.storyboard */ = {
			isa = PBXVariantGroup;
			children = (
				84DC947428F869D200281FA5 /* Base */,
			);
			name = Main.storyboard;
			sourceTree = "<group>";
		};
		84DC947828F869D600281FA5 /* LaunchScreen.storyboard */ = {
			isa = PBXVariantGroup;
			children = (
				84DC947928F869D600281FA5 /* Base */,
			);
			name = LaunchScreen.storyboard;
			sourceTree = "<group>";
		};
/* End PBXVariantGroup section */

/* Begin XCBuildConfiguration section */
		84DC947C28F869D600281FA5 /* Debug */ = {
			isa = XCBuildConfiguration;
			buildSettings = {
				ALWAYS_SEARCH_USER_PATHS = NO;
				CLANG_ANALYZER_NONNULL = YES;
				CLANG_ANALYZER_NUMBER_OBJECT_CONVERSION = YES_AGGRESSIVE;
				CLANG_CXX_LANGUAGE_STANDARD = "gnu++17";
				CLANG_CXX_LIBRARY = "libc++";
				CLANG_ENABLE_MODULES = YES;
				CLANG_ENABLE_OBJC_ARC = YES;
				CLANG_ENABLE_OBJC_WEAK = YES;
				CLANG_WARN_BLOCK_CAPTURE_AUTORELEASING = YES;
				CLANG_WARN_BOOL_CONVERSION = YES;
				CLANG_WARN_COMMA = YES;
				CLANG_WARN_CONSTANT_CONVERSION = YES;
				CLANG_WARN_DEPRECATED_OBJC_IMPLEMENTATIONS = YES;
				CLANG_WARN_DIRECT_OBJC_ISA_USAGE = YES_ERROR;
				CLANG_WARN_DOCUMENTATION_COMMENTS = YES;
				CLANG_WARN_EMPTY_BODY = YES;
				CLANG_WARN_ENUM_CONVERSION = YES;
				CLANG_WARN_INFINITE_RECURSION = YES;
				CLANG_WARN_INT_CONVERSION = YES;
				CLANG_WARN_NON_LITERAL_NULL_CONVERSION = YES;
				CLANG_WARN_OBJC_IMPLICIT_RETAIN_SELF = YES;
				CLANG_WARN_OBJC_LITERAL_CONVERSION = YES;
				CLANG_WARN_OBJC_ROOT_CLASS = YES_ERROR;
				CLANG_WARN_QUOTED_INCLUDE_IN_FRAMEWORK_HEADER = YES;
				CLANG_WARN_RANGE_LOOP_ANALYSIS = YES;
				CLANG_WARN_STRICT_PROTOTYPES = YES;
				CLANG_WARN_SUSPICIOUS_MOVE = YES;
				CLANG_WARN_UNGUARDED_AVAILABILITY = YES_AGGRESSIVE;
				CLANG_WARN_UNREACHABLE_CODE = YES;
				CLANG_WARN__DUPLICATE_METHOD_MATCH = YES;
				COPY_PHASE_STRIP = NO;
				DEBUG_INFORMATION_FORMAT = dwarf;
				ENABLE_STRICT_OBJC_MSGSEND = YES;
				ENABLE_TESTABILITY = YES;
				GCC_C_LANGUAGE_STANDARD = gnu11;
				GCC_DYNAMIC_NO_PIC = NO;
				GCC_NO_COMMON_BLOCKS = YES;
				GCC_OPTIMIZATION_LEVEL = 0;
				GCC_PREPROCESSOR_DEFINITIONS = (
					"DEBUG=1",
					"$(inherited)",
				);
				GCC_WARN_64_TO_32_BIT_CONVERSION = YES;
				GCC_WARN_ABOUT_RETURN_TYPE = YES_ERROR;
				GCC_WARN_UNDECLARED_SELECTOR = YES;
				GCC_WARN_UNINITIALIZED_AUTOS = YES_AGGRESSIVE;
				GCC_WARN_UNUSED_FUNCTION = YES;
				GCC_WARN_UNUSED_VARIABLE = YES;
				IPHONEOS_DEPLOYMENT_TARGET = 15.0;
				MTL_ENABLE_DEBUG_INFO = INCLUDE_SOURCE;
				MTL_FAST_MATH = YES;
				ONLY_ACTIVE_ARCH = YES;
				SDKROOT = iphoneos;
				SWIFT_ACTIVE_COMPILATION_CONDITIONS = DEBUG;
				SWIFT_OPTIMIZATION_LEVEL = "-Onone";
			};
			name = Debug;
		};
		84DC947D28F869D600281FA5 /* Release */ = {
			isa = XCBuildConfiguration;
			buildSettings = {
				ALWAYS_SEARCH_USER_PATHS = NO;
				CLANG_ANALYZER_NONNULL = YES;
				CLANG_ANALYZER_NUMBER_OBJECT_CONVERSION = YES_AGGRESSIVE;
				CLANG_CXX_LANGUAGE_STANDARD = "gnu++17";
				CLANG_CXX_LIBRARY = "libc++";
				CLANG_ENABLE_MODULES = YES;
				CLANG_ENABLE_OBJC_ARC = YES;
				CLANG_ENABLE_OBJC_WEAK = YES;
				CLANG_WARN_BLOCK_CAPTURE_AUTORELEASING = YES;
				CLANG_WARN_BOOL_CONVERSION = YES;
				CLANG_WARN_COMMA = YES;
				CLANG_WARN_CONSTANT_CONVERSION = YES;
				CLANG_WARN_DEPRECATED_OBJC_IMPLEMENTATIONS = YES;
				CLANG_WARN_DIRECT_OBJC_ISA_USAGE = YES_ERROR;
				CLANG_WARN_DOCUMENTATION_COMMENTS = YES;
				CLANG_WARN_EMPTY_BODY = YES;
				CLANG_WARN_ENUM_CONVERSION = YES;
				CLANG_WARN_INFINITE_RECURSION = YES;
				CLANG_WARN_INT_CONVERSION = YES;
				CLANG_WARN_NON_LITERAL_NULL_CONVERSION = YES;
				CLANG_WARN_OBJC_IMPLICIT_RETAIN_SELF = YES;
				CLANG_WARN_OBJC_LITERAL_CONVERSION = YES;
				CLANG_WARN_OBJC_ROOT_CLASS = YES_ERROR;
				CLANG_WARN_QUOTED_INCLUDE_IN_FRAMEWORK_HEADER = YES;
				CLANG_WARN_RANGE_LOOP_ANALYSIS = YES;
				CLANG_WARN_STRICT_PROTOTYPES = YES;
				CLANG_WARN_SUSPICIOUS_MOVE = YES;
				CLANG_WARN_UNGUARDED_AVAILABILITY = YES_AGGRESSIVE;
				CLANG_WARN_UNREACHABLE_CODE = YES;
				CLANG_WARN__DUPLICATE_METHOD_MATCH = YES;
				COPY_PHASE_STRIP = NO;
				DEBUG_INFORMATION_FORMAT = "dwarf-with-dsym";
				ENABLE_NS_ASSERTIONS = NO;
				ENABLE_STRICT_OBJC_MSGSEND = YES;
				GCC_C_LANGUAGE_STANDARD = gnu11;
				GCC_NO_COMMON_BLOCKS = YES;
				GCC_WARN_64_TO_32_BIT_CONVERSION = YES;
				GCC_WARN_ABOUT_RETURN_TYPE = YES_ERROR;
				GCC_WARN_UNDECLARED_SELECTOR = YES;
				GCC_WARN_UNINITIALIZED_AUTOS = YES_AGGRESSIVE;
				GCC_WARN_UNUSED_FUNCTION = YES;
				GCC_WARN_UNUSED_VARIABLE = YES;
				IPHONEOS_DEPLOYMENT_TARGET = 15.0;
				MTL_ENABLE_DEBUG_INFO = NO;
				MTL_FAST_MATH = YES;
				SDKROOT = iphoneos;
				SWIFT_COMPILATION_MODE = wholemodule;
				SWIFT_OPTIMIZATION_LEVEL = "-O";
				VALIDATE_PRODUCT = YES;
			};
			name = Release;
		};
		84DC947F28F869D600281FA5 /* Debug */ = {
			isa = XCBuildConfiguration;
			baseConfigurationReference = 319403FB171DE1DDA4191BB4 /* Pods-CocktailDeliveryApp.debug.xcconfig */;
			buildSettings = {
				ASSETCATALOG_COMPILER_APPICON_NAME = AppIcon;
				ASSETCATALOG_COMPILER_GLOBAL_ACCENT_COLOR_NAME = AccentColor;
				CODE_SIGN_STYLE = Automatic;
				CURRENT_PROJECT_VERSION = 1;
				DEVELOPMENT_TEAM = YQV3X5PV74;
				GENERATE_INFOPLIST_FILE = YES;
				INFOPLIST_FILE = CocktailDeliveryApp/Info.plist;
				INFOPLIST_KEY_UIApplicationSupportsIndirectInputEvents = YES;
				INFOPLIST_KEY_UILaunchStoryboardName = LaunchScreen;
				INFOPLIST_KEY_UIMainStoryboardFile = Main;
				INFOPLIST_KEY_UISupportedInterfaceOrientations_iPad = "UIInterfaceOrientationPortrait UIInterfaceOrientationPortraitUpsideDown UIInterfaceOrientationLandscapeLeft UIInterfaceOrientationLandscapeRight";
				INFOPLIST_KEY_UISupportedInterfaceOrientations_iPhone = "UIInterfaceOrientationPortrait UIInterfaceOrientationLandscapeLeft UIInterfaceOrientationLandscapeRight";
				IPHONEOS_DEPLOYMENT_TARGET = 13.0;
				LD_RUNPATH_SEARCH_PATHS = (
					"$(inherited)",
					"@executable_path/Frameworks",
				);
				MARKETING_VERSION = 1.0;
				PRODUCT_BUNDLE_IDENTIFIER = CHIAHomeStudio.CocktailDeliveryApp;
				PRODUCT_NAME = "$(TARGET_NAME)";
				SWIFT_EMIT_LOC_STRINGS = YES;
				SWIFT_VERSION = 5.0;
				TARGETED_DEVICE_FAMILY = "1,2";
			};
			name = Debug;
		};
		84DC948028F869D600281FA5 /* Release */ = {
			isa = XCBuildConfiguration;
			baseConfigurationReference = 1B70F53840ED0D81B4BF7AF7 /* Pods-CocktailDeliveryApp.release.xcconfig */;
			buildSettings = {
				ASSETCATALOG_COMPILER_APPICON_NAME = AppIcon;
				ASSETCATALOG_COMPILER_GLOBAL_ACCENT_COLOR_NAME = AccentColor;
				CODE_SIGN_STYLE = Automatic;
				CURRENT_PROJECT_VERSION = 1;
				DEVELOPMENT_TEAM = YQV3X5PV74;
				GENERATE_INFOPLIST_FILE = YES;
				INFOPLIST_FILE = CocktailDeliveryApp/Info.plist;
				INFOPLIST_KEY_UIApplicationSupportsIndirectInputEvents = YES;
				INFOPLIST_KEY_UILaunchStoryboardName = LaunchScreen;
				INFOPLIST_KEY_UIMainStoryboardFile = Main;
				INFOPLIST_KEY_UISupportedInterfaceOrientations_iPad = "UIInterfaceOrientationPortrait UIInterfaceOrientationPortraitUpsideDown UIInterfaceOrientationLandscapeLeft UIInterfaceOrientationLandscapeRight";
				INFOPLIST_KEY_UISupportedInterfaceOrientations_iPhone = "UIInterfaceOrientationPortrait UIInterfaceOrientationLandscapeLeft UIInterfaceOrientationLandscapeRight";
				IPHONEOS_DEPLOYMENT_TARGET = 13.0;
				LD_RUNPATH_SEARCH_PATHS = (
					"$(inherited)",
					"@executable_path/Frameworks",
				);
				MARKETING_VERSION = 1.0;
				PRODUCT_BUNDLE_IDENTIFIER = CHIAHomeStudio.CocktailDeliveryApp;
				PRODUCT_NAME = "$(TARGET_NAME)";
				SWIFT_EMIT_LOC_STRINGS = YES;
				SWIFT_VERSION = 5.0;
				TARGETED_DEVICE_FAMILY = "1,2";
			};
			name = Release;
		};
/* End XCBuildConfiguration section */

/* Begin XCConfigurationList section */
		84DC946528F869D100281FA5 /* Build configuration list for PBXProject "CocktailDeliveryApp" */ = {
			isa = XCConfigurationList;
			buildConfigurations = (
				84DC947C28F869D600281FA5 /* Debug */,
				84DC947D28F869D600281FA5 /* Release */,
			);
			defaultConfigurationIsVisible = 0;
			defaultConfigurationName = Release;
		};
		84DC947E28F869D600281FA5 /* Build configuration list for PBXNativeTarget "CocktailDeliveryApp" */ = {
			isa = XCConfigurationList;
			buildConfigurations = (
				84DC947F28F869D600281FA5 /* Debug */,
				84DC948028F869D600281FA5 /* Release */,
			);
			defaultConfigurationIsVisible = 0;
			defaultConfigurationName = Release;
		};
/* End XCConfigurationList section */
	};
	rootObject = 84DC946228F869D100281FA5 /* Project object */;
}
